
Microsoft Visual Studio Solution File, Format Version 12.00
# Visual Studio 15
VisualStudioVersion = 15.0.26730.12
MinimumVisualStudioVersion = 10.0.40219.1
Project("{FAE04EC0-301F-11D3-BF4B-00C04F79EFBC}") = "week2-10", "week2-10\week2-10.csproj", "{4FB21D5D-18DF-4E1B-9370-BFA65894947A}"
EndProject
Global
	GlobalSection(SolutionConfigurationPlatforms) = preSolution
		Debug|Any CPU = Debug|Any CPU
		Release|Any CPU = Release|Any CPU
	EndGlobalSection
	GlobalSection(ProjectConfigurationPlatforms) = postSolution
		{4FB21D5D-18DF-4E1B-9370-BFA65894947A}.Debug|Any CPU.ActiveCfg = Debug|Any CPU
		{4FB21D5D-18DF-4E1B-9370-BFA65894947A}.Debug|Any CPU.Build.0 = Debug|Any CPU
		{4FB21D5D-18DF-4E1B-9370-BFA65894947A}.Release|Any CPU.ActiveCfg = Release|Any CPU
		{4FB21D5D-18DF-4E1B-9370-BFA65894947A}.Release|Any CPU.Build.0 = Release|Any CPU
	EndGlobalSection
	GlobalSection(SolutionProperties) = preSolution
		HideSolutionNode = FALSE
	EndGlobalSection
	GlobalSection(ExtensibilityGlobals) = postSolution
		SolutionGuid = {CA3EC8C0-A30B-4994-B4ED-866D8A9100F6}
	EndGlobalSection
EndGlobal
